
Microsoft Visual Studio Solution File, Format Version 12.00
# Visual Studio Version 17
VisualStudioVersion = 17.11.35327.3
MinimumVisualStudioVersion = 10.0.40219.1
Project("{FAE04EC0-301F-11D3-BF4B-00C04F79EFBC}") = "P6_3_714230044", "P6_3_714230044\P6_3_714230044.csproj", "{DBCE1FE0-C188-432D-817B-CDD610B57DA8}"
EndProject
Global
	GlobalSection(SolutionConfigurationPlatforms) = preSolution
		Debug|Any CPU = Debug|Any CPU
		Release|Any CPU = Release|Any CPU
	EndGlobalSection
	GlobalSection(ProjectConfigurationPlatforms) = postSolution
		{DBCE1FE0-C188-432D-817B-CDD610B57DA8}.Debug|Any CPU.ActiveCfg = Debug|Any CPU
		{DBCE1FE0-C188-432D-817B-CDD610B57DA8}.Debug|Any CPU.Build.0 = Debug|Any CPU
		{DBCE1FE0-C188-432D-817B-CDD610B57DA8}.Release|Any CPU.ActiveCfg = Release|Any CPU
		{DBCE1FE0-C188-432D-817B-CDD610B57DA8}.Release|Any CPU.Build.0 = Release|Any CPU
	EndGlobalSection
	GlobalSection(SolutionProperties) = preSolution
		HideSolutionNode = FALSE
	EndGlobalSection
	GlobalSection(ExtensibilityGlobals) = postSolution
		SolutionGuid = {D769A6F7-A4C1-4D0A-A60A-7FE3BEFCAC9B}
	EndGlobalSection
EndGlobal
