
Microsoft Visual Studio Solution File, Format Version 12.00
Project("{FAE04EC0-301F-11D3-BF4B-00C04F79EFBC}") = "P3_2_714230044", "P3_2_714230044\P3_2_714230044.csproj", "{3AF9D4B3-A3CE-4AD9-BD0E-E721630A077F}"
EndProject
Global
	GlobalSection(SolutionConfigurationPlatforms) = preSolution
		Debug|Any CPU = Debug|Any CPU
		Release|Any CPU = Release|Any CPU
	EndGlobalSection
	GlobalSection(ProjectConfigurationPlatforms) = postSolution
		{3AF9D4B3-A3CE-4AD9-BD0E-E721630A077F}.Debug|Any CPU.ActiveCfg = Debug|Any CPU
		{3AF9D4B3-A3CE-4AD9-BD0E-E721630A077F}.Debug|Any CPU.Build.0 = Debug|Any CPU
		{3AF9D4B3-A3CE-4AD9-BD0E-E721630A077F}.Release|Any CPU.ActiveCfg = Release|Any CPU
		{3AF9D4B3-A3CE-4AD9-BD0E-E721630A077F}.Release|Any CPU.Build.0 = Release|Any CPU
	EndGlobalSection
EndGlobal
