
Microsoft Visual Studio Solution File, Format Version 12.00
# Visual Studio Version 17
VisualStudioVersion = 17.11.35327.3
MinimumVisualStudioVersion = 10.0.40219.1
Project("{FAE04EC0-301F-11D3-BF4B-00C04F79EFBC}") = "P6_2_714230044", "P6_2_714230044\P6_2_714230044.csproj", "{4A09EAA3-4DA9-41C1-9A14-CD37EE839A9D}"
EndProject
Global
	GlobalSection(SolutionConfigurationPlatforms) = preSolution
		Debug|Any CPU = Debug|Any CPU
		Release|Any CPU = Release|Any CPU
	EndGlobalSection
	GlobalSection(ProjectConfigurationPlatforms) = postSolution
		{4A09EAA3-4DA9-41C1-9A14-CD37EE839A9D}.Debug|Any CPU.ActiveCfg = Debug|Any CPU
		{4A09EAA3-4DA9-41C1-9A14-CD37EE839A9D}.Debug|Any CPU.Build.0 = Debug|Any CPU
		{4A09EAA3-4DA9-41C1-9A14-CD37EE839A9D}.Release|Any CPU.ActiveCfg = Release|Any CPU
		{4A09EAA3-4DA9-41C1-9A14-CD37EE839A9D}.Release|Any CPU.Build.0 = Release|Any CPU
	EndGlobalSection
	GlobalSection(SolutionProperties) = preSolution
		HideSolutionNode = FALSE
	EndGlobalSection
	GlobalSection(ExtensibilityGlobals) = postSolution
		SolutionGuid = {F7C61437-9C0D-4B21-A826-FCDF9E78F40E}
	EndGlobalSection
EndGlobal
