
Microsoft Visual Studio Solution File, Format Version 12.00
Project("{FAE04EC0-301F-11D3-BF4B-00C04F79EFBC}") = "P3_1_714230044", "P3_1_714230044\P3_1_714230044.csproj", "{AAF14A60-FCA1-4C08-A7C4-7C513CF4B22C}"
EndProject
Global
	GlobalSection(SolutionConfigurationPlatforms) = preSolution
		Debug|Any CPU = Debug|Any CPU
		Release|Any CPU = Release|Any CPU
	EndGlobalSection
	GlobalSection(ProjectConfigurationPlatforms) = postSolution
		{AAF14A60-FCA1-4C08-A7C4-7C513CF4B22C}.Debug|Any CPU.ActiveCfg = Debug|Any CPU
		{AAF14A60-FCA1-4C08-A7C4-7C513CF4B22C}.Debug|Any CPU.Build.0 = Debug|Any CPU
		{AAF14A60-FCA1-4C08-A7C4-7C513CF4B22C}.Release|Any CPU.ActiveCfg = Release|Any CPU
		{AAF14A60-FCA1-4C08-A7C4-7C513CF4B22C}.Release|Any CPU.Build.0 = Release|Any CPU
	EndGlobalSection
EndGlobal
